# This is a Gradle generated file for dependency locking.
# Manual edits can break the build and are not advised.
# This file is expected to be part of source control.
# To regenerate this file, run: ./gradlew dependencies --write-locks
com.diffplug.durian:durian-collect:1.2.0=classpath
com.diffplug.durian:durian-core:1.2.0=classpath
com.diffplug.durian:durian-io:1.2.0=classpath
com.diffplug.durian:durian-swt.os:4.3.0=classpath
com.diffplug.spotless:com.diffplug.spotless.gradle.plugin:7.0.4=classpath
com.diffplug.spotless:spotless-lib-extra:3.1.2=classpath
com.diffplug.spotless:spotless-lib:3.1.2=classpath
com.diffplug.spotless:spotless-plugin-gradle:7.0.4=classpath
com.google.code.gson:gson:2.11.0=classpath
com.google.errorprone:error_prone_annotations:2.27.0=classpath
com.googlecode.concurrent-trees:concurrent-trees:2.6.1=classpath
com.googlecode.javaewah:JavaEWAH:1.2.3=classpath
com.gradle.plugin-publish:com.gradle.plugin-publish.gradle.plugin:2.1.1=classpath
com.gradle.publish:plugin-publish-plugin:2.1.1=classpath
com.squareup.okhttp3:okhttp:4.12.0=classpath
com.squareup.okio:okio-jvm:3.6.0=classpath
com.squareup.okio:okio:3.6.0=classpath
commons-codec:commons-codec:1.17.0=classpath
dev.equo.ide:solstice:1.8.1=classpath
org.apache.maven:maven-model:3.6.3=classpath
org.eclipse.jgit:org.eclipse.jgit:6.10.1.202505221210-r=classpath
org.eclipse.platform:org.eclipse.osgi:3.23.0=classpath
org.gradle.plugin:compatibility-plugin:1.0.0=classpath
org.jetbrains.kotlin.jvm:org.jetbrains.kotlin.jvm.gradle.plugin:2.4.10=classpath
org.jetbrains.kotlin:fus-statistics-gradle-plugin:2.4.10=classpath
org.jetbrains.kotlin:kotlin-build-statistics:2.4.10=classpath
org.jetbrains.kotlin:kotlin-build-tools-api:2.4.10=classpath
org.jetbrains.kotlin:kotlin-compiler-runner:2.4.10=classpath
org.jetbrains.kotlin:kotlin-daemon-client:2.4.10=classpath
org.jetbrains.kotlin:kotlin-gradle-plugin-annotations:2.4.10=classpath
org.jetbrains.kotlin:kotlin-gradle-plugin-api:2.4.10=classpath
org.jetbrains.kotlin:kotlin-gradle-plugin-idea-proto:2.4.10=classpath
org.jetbrains.kotlin:kotlin-gradle-plugin-idea:2.4.10=classpath
org.jetbrains.kotlin:kotlin-gradle-plugin:2.4.10=classpath
org.jetbrains.kotlin:kotlin-gradle-plugins-bom:2.4.10=classpath
org.jetbrains.kotlin:kotlin-klib-commonizer-api:2.4.10=classpath
org.jetbrains.kotlin:kotlin-native-utils:2.4.10=classpath
org.jetbrains.kotlin:kotlin-stdlib-common:2.4.0=classpath
org.jetbrains.kotlin:kotlin-stdlib-jdk7:1.9.10=classpath
org.jetbrains.kotlin:kotlin-stdlib-jdk8:1.9.10=classpath
org.jetbrains.kotlin:kotlin-stdlib:2.4.0=classpath
org.jetbrains.kotlin:kotlin-tooling-core:2.4.10=classpath
org.jetbrains.kotlin:kotlin-util-io:2.4.10=classpath
org.jetbrains.kotlin:kotlin-util-klib-metadata:2.4.10=classpath
org.jetbrains.kotlin:kotlin-util-klib:2.4.10=classpath
org.jetbrains.kotlinx:kotlinx-coroutines-core-jvm:1.8.0=classpath
org.jetbrains:annotations:13.0=classpath
org.slf4j:slf4j-api:1.7.36=classpath
org.tukaani:xz:1.9=classpath
empty=
